// !$*UTF8*$!
{
	archiveVersion = 1;
	classes = {
	};
	objectVersion = 46;
	objects = {

/* Begin PBXBuildFile section */
		E5397F651CDCE9E3000A8DF7 /* main.m in Sources */ = {isa = PBXBuildFile; fileRef = E5397F641CDCE9E3000A8DF7 /* main.m */; };
		E5397F681CDCE9E3000A8DF7 /* AppDelegate.m in Sources */ = {isa = PBXBuildFile; fileRef = E5397F671CDCE9E3000A8DF7 /* AppDelegate.m */; };
		E5397F6B1CDCE9E3000A8DF7 /* ViewController.m in Sources */ = {isa = PBXBuildFile; fileRef = E5397F6A1CDCE9E3000A8DF7 /* ViewController.m */; };
		E5397F6E1CDCE9E3000A8DF7 /* Main.storyboard in Resources */ = {isa = PBXBuildFile; fileRef = E5397F6C1CDCE9E3000A8DF7 /* Main.storyboard */; };
		E5397F701CDCE9E3000A8DF7 /* Assets.xcassets in Resources */ = {isa = PBXBuildFile; fileRef = E5397F6F1CDCE9E3000A8DF7 /* Assets.xcassets */; };
		E5397F731CDCE9E3000A8DF7 /* LaunchScreen.storyboard in Resources */ = {isa = PBXBuildFile; fileRef = E5397F711CDCE9E3000A8DF7 /* LaunchScreen.storyboard */; };
		E5397F7E1CDCE9E3000A8DF7 /* WooNewsTests.m in Sources */ = {isa = PBXBuildFile; fileRef = E5397F7D1CDCE9E3000A8DF7 /* WooNewsTests.m */; };
/* End PBXBuildFile section */

/* Begin PBXContainerItemProxy section */
		E5397F7A1CDCE9E3000A8DF7 /* PBXContainerItemProxy */ = {
			isa = PBXContainerItemProxy;
			containerPortal = E5397F581CDCE9E3000A8DF7 /* Project object */;
			proxyType = 1;
			remoteGlobalIDString = E5397F5F1CDCE9E3000A8DF7;
			remoteInfo = WooNews;
		};
/* End PBXContainerItemProxy section */

/* Begin PBXFileReference section */
		E5397F601CDCE9E3000A8DF7 /* WooNews.app */ = {isa = PBXFileReference; explicitFileType = wrapper.application; includeInIndex = 0; path = WooNews.app; sourceTree = BUILT_PRODUCTS_DIR; };
		E5397F641CDCE9E3000A8DF7 /* main.m */ = {isa = PBXFileReference; lastKnownFileType = sourcecode.c.objc; path = main.m; sourceTree = "<group>"; };
		E5397F661CDCE9E3000A8DF7 /* AppDelegate.h */ = {isa = PBXFileReference; lastKnownFileType = sourcecode.c.h; path = AppDelegate.h; sourceTree = "<group>"; };
		E5397F671CDCE9E3000A8DF7 /* AppDelegate.m */ = {isa = PBXFileReference; lastKnownFileType = sourcecode.c.objc; path = AppDelegate.m; sourceTree = "<group>"; };
		E5397F691CDCE9E3000A8DF7 /* ViewController.h */ = {isa = PBXFileReference; lastKnownFileType = sourcecode.c.h; path = ViewController.h; sourceTree = "<group>"; };
		E5397F6A1CDCE9E3000A8DF7 /* ViewController.m */ = {isa = PBXFileReference; lastKnownFileType = sourcecode.c.objc; path = ViewController.m; sourceTree = "<group>"; };
		E5397F6D1CDCE9E3000A8DF7 /* Base */ = {isa = PBXFileReference; lastKnownFileType = file.storyboard; name = Base; path = Base.lproj/Main.storyboard; sourceTree = "<group>"; };
		E5397F6F1CDCE9E3000A8DF7 /* Assets.xcassets */ = {isa = PBXFileReference; lastKnownFileType = folder.assetcatalog; path = Assets.xcassets; sourceTree = "<group>"; };
		E5397F721CDCE9E3000A8DF7 /* Base */ = {isa = PBXFileReference; lastKnownFileType = file.storyboard; name = Base; path = Base.lproj/LaunchScreen.storyboard; sourceTree = "<group>"; };
		E5397F741CDCE9E3000A8DF7 /* Info.plist */ = {isa = PBXFileReference; lastKnownFileType = text.plist.xml; path = Info.plist; sourceTree = "<group>"; };
		E5397F791CDCE9E3000A8DF7 /* WooNewsTests.xctest */ = {isa = PBXFileReference; explicitFileType = wrapper.cfbundle; includeInIndex = 0; path = WooNewsTests.xctest; sourceTree = BUILT_PRODUCTS_DIR; };
		E5397F7D1CDCE9E3000A8DF7 /* WooNewsTests.m */ = {isa = PBXFileReference; lastKnownFileType = sourcecode.c.objc; path = WooNewsTests.m; sourceTree = "<group>"; };
		E5397F7F1CDCE9E3000A8DF7 /* Info.plist */ = {isa = PBXFileReference; lastKnownFileType = text.plist.xml; path = Info.plist; sourceTree = "<group>"; };
/* End PBXFileReference section */

/* Begin PBXFrameworksBuildPhase section */
		E5397F5D1CDCE9E3000A8DF7 /* Frameworks */ = {
			isa = PBXFrameworksBuildPhase;
			buildActionMask = 2147483647;
			files = (
			);
			runOnlyForDeploymentPostprocessing = 0;
		};
		E5397F761CDCE9E3000A8DF7 /* Frameworks */ = {
			isa = PBXFrameworksBuildPhase;
			buildActionMask = 2147483647;
			files = (
			);
			runOnlyForDeploymentPostprocessing = 0;
		};
/* End PBXFrameworksBuildPhase section */

/* Begin PBXGroup section */
		E5397F571CDCE9E3000A8DF7 = {
			isa = PBXGroup;
			children = (
				E5397F621CDCE9E3000A8DF7 /* WooNews */,
				E5397F7C1CDCE9E3000A8DF7 /* WooNewsTests */,
				E5397F611CDCE9E3000A8DF7 /* Products */,
			);
			sourceTree = "<group>";
		};
		E5397F611CDCE9E3000A8DF7 /* Products */ = {
			isa = PBXGroup;
			children = (
				E5397F601CDCE9E3000A8DF7 /* WooNews.app */,
				E5397F791CDCE9E3000A8DF7 /* WooNewsTests.xctest */,
			);
			name = Products;
			sourceTree = "<group>";
		};
		E5397F621CDCE9E3000A8DF7 /* WooNews */ = {
			isa = PBXGroup;
			children = (
				E5397F661CDCE9E3000A8DF7 /* AppDelegate.h */,
				E5397F671CDCE9E3000A8DF7 /* AppDelegate.m */,
				E5397F691CDCE9E3000A8DF7 /* ViewController.h */,
				E5397F6A1CDCE9E3000A8DF7 /* ViewController.m */,
				E5397F6C1CDCE9E3000A8DF7 /* Main.storyboard */,
				E5397F6F1CDCE9E3000A8DF7 /* Assets.xcassets */,
				E5397F711CDCE9E3000A8DF7 /* LaunchScreen.storyboard */,
				E5397F741CDCE9E3000A8DF7 /* Info.plist */,
				E5397F631CDCE9E3000A8DF7 /* Supporting Files */,
			);
			path = WooNews;
			sourceTree = "<group>";
		};
		E5397F631CDCE9E3000A8DF7 /* Supporting Files */ = {
			isa = PBXGroup;
			children = (
				E5397F641CDCE9E3000A8DF7 /* main.m */,
			);
			name = "Supporting Files";
			sourceTree = "<group>";
		};
		E5397F7C1CDCE9E3000A8DF7 /* WooNewsTests */ = {
			isa = PBXGroup;
			children = (
				E5397F7D1CDCE9E3000A8DF7 /* WooNewsTests.m */,
				E5397F7F1CDCE9E3000A8DF7 /* Info.plist */,
			);
			path = WooNewsTests;
			sourceTree = "<group>";
		};
/* End PBXGroup section */

/* Begin PBXNativeTarget section */
		E5397F5F1CDCE9E3000A8DF7 /* WooNews */ = {
			isa = PBXNativeTarget;
			buildConfigurationList = E5397F821CDCE9E3000A8DF7 /* Build configuration list for PBXNativeTarget "WooNews" */;
			buildPhases = (
				E5397F5C1CDCE9E3000A8DF7 /* Sources */,
				E5397F5D1CDCE9E3000A8DF7 /* Frameworks */,
				E5397F5E1CDCE9E3000A8DF7 /* Resources */,
			);
			buildRules = (
			);
			dependencies = (
			);
			name = WooNews;
			productName = WooNews;
			productReference = E5397F601CDCE9E3000A8DF7 /* WooNews.app */;
			productType = "com.apple.product-type.application";
		};
		E5397F781CDCE9E3000A8DF7 /* WooNewsTests */ = {
			isa = PBXNativeTarget;
			buildConfigurationList = E5397F851CDCE9E3000A8DF7 /* Build configuration list for PBXNativeTarget "WooNewsTests" */;
			buildPhases = (
				E5397F751CDCE9E3000A8DF7 /* Sources */,
				E5397F761CDCE9E3000A8DF7 /* Frameworks */,
				E5397F771CDCE9E3000A8DF7 /* Resources */,
			);
			buildRules = (
			);
			dependencies = (
				E5397F7B1CDCE9E3000A8DF7 /* PBXTargetDependency */,
			);
			name = WooNewsTests;
			productName = WooNewsTests;
			productReference = E5397F791CDCE9E3000A8DF7 /* WooNewsTests.xctest */;
			productType = "com.apple.product-type.bundle.unit-test";
		};
/* End PBXNativeTarget section */

/* Begin PBXProject section */
		E5397F581CDCE9E3000A8DF7 /* Project object */ = {
			isa = PBXProject;
			attributes = {
				LastUpgradeCheck = 0720;
				ORGANIZATIONNAME = "樊凡凡";
				TargetAttributes = {
					E5397F5F1CDCE9E3000A8DF7 = {
						CreatedOnToolsVersion = 7.2;
						DevelopmentTeam = 3JDK5GWPPG;
					};
					E5397F781CDCE9E3000A8DF7 = {
						CreatedOnToolsVersion = 7.2;
						DevelopmentTeam = 3JDK5GWPPG;
						TestTargetID = E5397F5F1CDCE9E3000A8DF7;
					};
				};
			};
			buildConfigurationList = E5397F5B1CDCE9E3000A8DF7 /* Build configuration list for PBXProject "WooNews" */;
			compatibilityVersion = "Xcode 3.2";
			developmentRegion = English;
			hasScannedForEncodings = 0;
			knownRegions = (
				en,
				Base,
			);
			mainGroup = E5397F571CDCE9E3000A8DF7;
			productRefGroup = E5397F611CDCE9E3000A8DF7 /* Products */;
			projectDirPath = "";
			projectRoot = "";
			targets = (
				E5397F5F1CDCE9E3000A8DF7 /* WooNews */,
				E5397F781CDCE9E3000A8DF7 /* WooNewsTests */,
			);
		};
/* End PBXProject section */

/* Begin PBXResourcesBuildPhase section */
		E5397F5E1CDCE9E3000A8DF7 /* Resources */ = {
			isa = PBXResourcesBuildPhase;
			buildActionMask = 2147483647;
			files = (
				E5397F731CDCE9E3000A8DF7 /* LaunchScreen.storyboard in Resources */,
				E5397F701CDCE9E3000A8DF7 /* Assets.xcassets in Resources */,
				E5397F6E1CDCE9E3000A8DF7 /* Main.storyboard in Resources */,
			);
			runOnlyForDeploymentPostprocessing = 0;
		};
		E5397F771CDCE9E3000A8DF7 /* Resources */ = {
			isa = PBXResourcesBuildPhase;
			buildActionMask = 2147483647;
			files = (
			);
			runOnlyForDeploymentPostprocessing = 0;
		};
/* End PBXResourcesBuildPhase section */

/* Begin PBXSourcesBuildPhase section */
		E5397F5C1CDCE9E3000A8DF7 /* Sources */ = {
			isa = PBXSourcesBuildPhase;
			buildActionMask = 2147483647;
			files = (
				E5397F6B1CDCE9E3000A8DF7 /* ViewController.m in Sources */,
				E5397F681CDCE9E3000A8DF7 /* AppDelegate.m in Sources */,
				E5397F651CDCE9E3000A8DF7 /* main.m in Sources */,
			);
			runOnlyForDeploymentPostprocessing = 0;
		};
		E5397F751CDCE9E3000A8DF7 /* Sources */ = {
			isa = PBXSourcesBuildPhase;
			buildActionMask = 2147483647;
			files = (
				E5397F7E1CDCE9E3000A8DF7 /* WooNewsTests.m in Sources */,
			);
			runOnlyForDeploymentPostprocessing = 0;
		};
/* End PBXSourcesBuildPhase section */

/* Begin PBXTargetDependency section */
		E5397F7B1CDCE9E3000A8DF7 /* PBXTargetDependency */ = {
			isa = PBXTargetDependency;
			target = E5397F5F1CDCE9E3000A8DF7 /* WooNews */;
			targetProxy = E5397F7A1CDCE9E3000A8DF7 /* PBXContainerItemProxy */;
		};
/* End PBXTargetDependency section */

/* Begin PBXVariantGroup section */
		E5397F6C1CDCE9E3000A8DF7 /* Main.storyboard */ = {
			isa = PBXVariantGroup;
			children = (
				E5397F6D1CDCE9E3000A8DF7 /* Base */,
			);
			name = Main.storyboard;
			sourceTree = "<group>";
		};
		E5397F711CDCE9E3000A8DF7 /* LaunchScreen.storyboard */ = {
			isa = PBXVariantGroup;
			children = (
				E5397F721CDCE9E3000A8DF7 /* Base */,
			);
			name = LaunchScreen.storyboard;
			sourceTree = "<group>";
		};
/* End PBXVariantGroup section */

/* Begin XCBuildConfiguration section */
		E5397F801CDCE9E3000A8DF7 /* Debug */ = {
			isa = XCBuildConfiguration;
			buildSettings = {
				ALWAYS_SEARCH_USER_PATHS = NO;
				CLANG_CXX_LANGUAGE_STANDARD = "gnu++0x";
				CLANG_CXX_LIBRARY = "libc++";
				CLANG_ENABLE_MODULES = YES;
				CLANG_ENABLE_OBJC_ARC = YES;
				CLANG_WARN_BOOL_CONVERSION = YES;
				CLANG_WARN_CONSTANT_CONVERSION = YES;
				CLANG_WARN_DIRECT_OBJC_ISA_USAGE = YES_ERROR;
				CLANG_WARN_EMPTY_BODY = YES;
				CLANG_WARN_ENUM_CONVERSION = YES;
				CLANG_WARN_INT_CONVERSION = YES;
				CLANG_WARN_OBJC_ROOT_CLASS = YES_ERROR;
				CLANG_WARN_UNREACHABLE_CODE = YES;
				CLANG_WARN__DUPLICATE_METHOD_MATCH = YES;
				"CODE_SIGN_IDENTITY[sdk=iphoneos*]" = "iPhone Developer";
				COPY_PHASE_STRIP = NO;
				DEBUG_INFORMATION_FORMAT = dwarf;
				ENABLE_STRICT_OBJC_MSGSEND = YES;
				ENABLE_TESTABILITY = YES;
				GCC_C_LANGUAGE_STANDARD = gnu99;
				GCC_DYNAMIC_NO_PIC = NO;
				GCC_NO_COMMON_BLOCKS = YES;
				GCC_OPTIMIZATION_LEVEL = 0;
				GCC_PREPROCESSOR_DEFINITIONS = (
					"DEBUG=1",
					"$(inherited)",
				);
				GCC_WARN_64_TO_32_BIT_CONVERSION = YES;
				GCC_WARN_ABOUT_RETURN_TYPE = YES_ERROR;
				GCC_WARN_UNDECLARED_SELECTOR = YES;
				GCC_WARN_UNINITIALIZED_AUTOS = YES_AGGRESSIVE;
				GCC_WARN_UNUSED_FUNCTION = YES;
				GCC_WARN_UNUSED_VARIABLE = YES;
				IPHONEOS_DEPLOYMENT_TARGET = 9.2;
				MTL_ENABLE_DEBUG_INFO = YES;
				ONLY_ACTIVE_ARCH = YES;
				SDKROOT = iphoneos;
			};
			name = Debug;
		};
		E5397F811CDCE9E3000A8DF7 /* Release */ = {
			isa = XCBuildConfiguration;
			buildSettings = {
				ALWAYS_SEARCH_USER_PATHS = NO;
				CLANG_CXX_LANGUAGE_STANDARD = "gnu++0x";
				CLANG_CXX_LIBRARY = "libc++";
				CLANG_ENABLE_MODULES = YES;
				CLANG_ENABLE_OBJC_ARC = YES;
				CLANG_WARN_BOOL_CONVERSION = YES;
				CLANG_WARN_CONSTANT_CONVERSION = YES;
				CLANG_WARN_DIRECT_OBJC_ISA_USAGE = YES_ERROR;
				CLANG_WARN_EMPTY_BODY = YES;
				CLANG_WARN_ENUM_CONVERSION = YES;
				CLANG_WARN_INT_CONVERSION = YES;
				CLANG_WARN_OBJC_ROOT_CLASS = YES_ERROR;
				CLANG_WARN_UNREACHABLE_CODE = YES;
				CLANG_WARN__DUPLICATE_METHOD_MATCH = YES;
				"CODE_SIGN_IDENTITY[sdk=iphoneos*]" = "iPhone Developer";
				COPY_PHASE_STRIP = NO;
				DEBUG_INFORMATION_FORMAT = "dwarf-with-dsym";
				ENABLE_NS_ASSERTIONS = NO;
				ENABLE_STRICT_OBJC_MSGSEND = YES;
				GCC_C_LANGUAGE_STANDARD = gnu99;
				GCC_NO_COMMON_BLOCKS = YES;
				GCC_WARN_64_TO_32_BIT_CONVERSION = YES;
				GCC_WARN_ABOUT_RETURN_TYPE = YES_ERROR;
				GCC_WARN_UNDECLARED_SELECTOR = YES;
				GCC_WARN_UNINITIALIZED_AUTOS = YES_AGGRESSIVE;
				GCC_WARN_UNUSED_FUNCTION = YES;
				GCC_WARN_UNUSED_VARIABLE = YES;
				IPHONEOS_DEPLOYMENT_TARGET = 9.2;
				MTL_ENABLE_DEBUG_INFO = NO;
				SDKROOT = iphoneos;
				VALIDATE_PRODUCT = YES;
			};
			name = Release;
		};
		E5397F831CDCE9E3000A8DF7 /* Debug */ = {
			isa = XCBuildConfiguration;
			buildSettings = {
				ASSETCATALOG_COMPILER_APPICON_NAME = AppIcon;
				INFOPLIST_FILE = WooNews/Info.plist;
				LD_RUNPATH_SEARCH_PATHS = "$(inherited) @executable_path/Frameworks";
				PRODUCT_BUNDLE_IDENTIFIER = fanfanfan.WooNews;
				PRODUCT_NAME = "$(TARGET_NAME)";
			};
			name = Debug;
		};
		E5397F841CDCE9E3000A8DF7 /* Release */ = {
			isa = XCBuildConfiguration;
			buildSettings = {
				ASSETCATALOG_COMPILER_APPICON_NAME = AppIcon;
				INFOPLIST_FILE = WooNews/Info.plist;
				LD_RUNPATH_SEARCH_PATHS = "$(inherited) @executable_path/Frameworks";
				PRODUCT_BUNDLE_IDENTIFIER = fanfanfan.WooNews;
				PRODUCT_NAME = "$(TARGET_NAME)";
			};
			name = Release;
		};
		E5397F861CDCE9E3000A8DF7 /* Debug */ = {
			isa = XCBuildConfiguration;
			buildSettings = {
				BUNDLE_LOADER = "$(TEST_HOST)";
				INFOPLIST_FILE = WooNewsTests/Info.plist;
				LD_RUNPATH_SEARCH_PATHS = "$(inherited) @executable_path/Frameworks @loader_path/Frameworks";
				PRODUCT_BUNDLE_IDENTIFIER = fanfanfan.WooNewsTests;
				PRODUCT_NAME = "$(TARGET_NAME)";
				TEST_HOST = "$(BUILT_PRODUCTS_DIR)/WooNews.app/WooNews";
			};
			name = Debug;
		};
		E5397F871CDCE9E3000A8DF7 /* Release */ = {
			isa = XCBuildConfiguration;
			buildSettings = {
				BUNDLE_LOADER = "$(TEST_HOST)";
				INFOPLIST_FILE = WooNewsTests/Info.plist;
				LD_RUNPATH_SEARCH_PATHS = "$(inherited) @executable_path/Frameworks @loader_path/Frameworks";
				PRODUCT_BUNDLE_IDENTIFIER = fanfanfan.WooNewsTests;
				PRODUCT_NAME = "$(TARGET_NAME)";
				TEST_HOST = "$(BUILT_PRODUCTS_DIR)/WooNews.app/WooNews";
			};
			name = Release;
		};
/* End XCBuildConfiguration section */

/* Begin XCConfigurationList section */
		E5397F5B1CDCE9E3000A8DF7 /* Build configuration list for PBXProject "WooNews" */ = {
			isa = XCConfigurationList;
			buildConfigurations = (
				E5397F801CDCE9E3000A8DF7 /* Debug */,
				E5397F811CDCE9E3000A8DF7 /* Release */,
			);
			defaultConfigurationIsVisible = 0;
			defaultConfigurationName = Release;
		};
		E5397F821CDCE9E3000A8DF7 /* Build configuration list for PBXNativeTarget "WooNews" */ = {
			isa = XCConfigurationList;
			buildConfigurations = (
				E5397F831CDCE9E3000A8DF7 /* Debug */,
				E5397F841CDCE9E3000A8DF7 /* Release */,
			);
			defaultConfigurationIsVisible = 0;
		};
		E5397F851CDCE9E3000A8DF7 /* Build configuration list for PBXNativeTarget "WooNewsTests" */ = {
			isa = XCConfigurationList;
			buildConfigurations = (
				E5397F861CDCE9E3000A8DF7 /* Debug */,
				E5397F871CDCE9E3000A8DF7 /* Release */,
			);
			defaultConfigurationIsVisible = 0;
		};
/* End XCConfigurationList section */
	};
	rootObject = E5397F581CDCE9E3000A8DF7 /* Project object */;
}
